// !$*UTF8*$!
{
	archiveVersion = 1;
	classes = {
	};
	objectVersion = 50;
	objects = {

/* Begin PBXBuildFile section */
		02C27E7E24FDE6F0003093D0 /* AppDelegate.swift in Sources */ = {isa = PBXBuildFile; fileRef = 02C27E7D24FDE6F0003093D0 /* AppDelegate.swift */; };
		02C27E8024FDE6F0003093D0 /* SceneDelegate.swift in Sources */ = {isa = PBXBuildFile; fileRef = 02C27E7F24FDE6F0003093D0 /* SceneDelegate.swift */; };
		02C27E8224FDE6F0003093D0 /* ViewController.swift in Sources */ = {isa = PBXBuildFile; fileRef = 02C27E8124FDE6F0003093D0 /* ViewController.swift */; };
		02C27E8524FDE6F0003093D0 /* Main.storyboard in Resources */ = {isa = PBXBuildFile; fileRef = 02C27E8324FDE6F0003093D0 /* Main.storyboard */; };
		02C27E8724FDE6F2003093D0 /* Assets.xcassets in Resources */ = {isa = PBXBuildFile; fileRef = 02C27E8624FDE6F2003093D0 /* Assets.xcassets */; };
		02C27E8A24FDE6F2003093D0 /* LaunchScreen.storyboard in Resources */ = {isa = PBXBuildFile; fileRef = 02C27E8824FDE6F2003093D0 /* LaunchScreen.storyboard */; };
		02C27E9724FDEB1E003093D0 /* HrRender.swift in Sources */ = {isa = PBXBuildFile; fileRef = 02C27E9624FDEB1E003093D0 /* HrRender.swift */; };
		02C27E9924FE297E003093D0 /* HrShaders.metal in Sources */ = {isa = PBXBuildFile; fileRef = 02C27E9824FE297E003093D0 /* HrShaders.metal */; };
/* End PBXBuildFile section */

/* Begin PBXFileReference section */
		02C27E7A24FDE6F0003093D0 /* Metal-002.app */ = {isa = PBXFileReference; explicitFileType = wrapper.application; includeInIndex = 0; path = "Metal-002.app"; sourceTree = BUILT_PRODUCTS_DIR; };
		02C27E7D24FDE6F0003093D0 /* AppDelegate.swift */ = {isa = PBXFileReference; lastKnownFileType = sourcecode.swift; path = AppDelegate.swift; sourceTree = "<group>"; };
		02C27E7F24FDE6F0003093D0 /* SceneDelegate.swift */ = {isa = PBXFileReference; lastKnownFileType = sourcecode.swift; path = SceneDelegate.swift; sourceTree = "<group>"; };
		02C27E8124FDE6F0003093D0 /* ViewController.swift */ = {isa = PBXFileReference; lastKnownFileType = sourcecode.swift; path = ViewController.swift; sourceTree = "<group>"; };
		02C27E8424FDE6F0003093D0 /* Base */ = {isa = PBXFileReference; lastKnownFileType = file.storyboard; name = Base; path = Base.lproj/Main.storyboard; sourceTree = "<group>"; };
		02C27E8624FDE6F2003093D0 /* Assets.xcassets */ = {isa = PBXFileReference; lastKnownFileType = folder.assetcatalog; path = Assets.xcassets; sourceTree = "<group>"; };
		02C27E8924FDE6F2003093D0 /* Base */ = {isa = PBXFileReference; lastKnownFileType = file.storyboard; name = Base; path = Base.lproj/LaunchScreen.storyboard; sourceTree = "<group>"; };
		02C27E8B24FDE6F2003093D0 /* Info.plist */ = {isa = PBXFileReference; lastKnownFileType = text.plist.xml; path = Info.plist; sourceTree = "<group>"; };
		02C27E9124FDEAE2003093D0 /* HrShaderType.h */ = {isa = PBXFileReference; lastKnownFileType = sourcecode.c.h; path = HrShaderType.h; sourceTree = "<group>"; };
		02C27E9224FDEAF0003093D0 /* Metal-002-Bridging-Header.h */ = {isa = PBXFileReference; lastKnownFileType = sourcecode.c.h; path = "Metal-002-Bridging-Header.h"; sourceTree = "<group>"; };
		02C27E9624FDEB1E003093D0 /* HrRender.swift */ = {isa = PBXFileReference; lastKnownFileType = sourcecode.swift; path = HrRender.swift; sourceTree = "<group>"; };
		02C27E9824FE297E003093D0 /* HrShaders.metal */ = {isa = PBXFileReference; lastKnownFileType = sourcecode.metal; path = HrShaders.metal; sourceTree = "<group>"; };
/* End PBXFileReference section */

/* Begin PBXFrameworksBuildPhase section */
		02C27E7724FDE6F0003093D0 /* Frameworks */ = {
			isa = PBXFrameworksBuildPhase;
			buildActionMask = 2147483647;
			files = (
			);
			runOnlyForDeploymentPostprocessing = 0;
		};
/* End PBXFrameworksBuildPhase section */

/* Begin PBXGroup section */
		02C27E7124FDE6F0003093D0 = {
			isa = PBXGroup;
			children = (
				02C27E7C24FDE6F0003093D0 /* Metal-002 */,
				02C27E7B24FDE6F0003093D0 /* Products */,
			);
			sourceTree = "<group>";
		};
		02C27E7B24FDE6F0003093D0 /* Products */ = {
			isa = PBXGroup;
			children = (
				02C27E7A24FDE6F0003093D0 /* Metal-002.app */,
			);
			name = Products;
			sourceTree = "<group>";
		};
		02C27E7C24FDE6F0003093D0 /* Metal-002 */ = {
			isa = PBXGroup;
			children = (
				02C27E7D24FDE6F0003093D0 /* AppDelegate.swift */,
				02C27E7F24FDE6F0003093D0 /* SceneDelegate.swift */,
				02C27E8124FDE6F0003093D0 /* ViewController.swift */,
				02C27E9624FDEB1E003093D0 /* HrRender.swift */,
				02C27E9124FDEAE2003093D0 /* HrShaderType.h */,
				02C27E9824FE297E003093D0 /* HrShaders.metal */,
				02C27E9224FDEAF0003093D0 /* Metal-002-Bridging-Header.h */,
				02C27E8324FDE6F0003093D0 /* Main.storyboard */,
				02C27E8624FDE6F2003093D0 /* Assets.xcassets */,
				02C27E8824FDE6F2003093D0 /* LaunchScreen.storyboard */,
				02C27E8B24FDE6F2003093D0 /* Info.plist */,
			);
			path = "Metal-002";
			sourceTree = "<group>";
		};
/* End PBXGroup section */

/* Begin PBXNativeTarget section */
		02C27E7924FDE6F0003093D0 /* Metal-002 */ = {
			isa = PBXNativeTarget;
			buildConfigurationList = 02C27E8E24FDE6F2003093D0 /* Build configuration list for PBXNativeTarget "Metal-002" */;
			buildPhases = (
				02C27E7624FDE6F0003093D0 /* Sources */,
				02C27E7724FDE6F0003093D0 /* Frameworks */,
				02C27E7824FDE6F0003093D0 /* Resources */,
			);
			buildRules = (
			);
			dependencies = (
			);
			name = "Metal-002";
			productName = "Metal-002";
			productReference = 02C27E7A24FDE6F0003093D0 /* Metal-002.app */;
			productType = "com.apple.product-type.application";
		};
/* End PBXNativeTarget section */

/* Begin PBXProject section */
		02C27E7224FDE6F0003093D0 /* Project object */ = {
			isa = PBXProject;
			attributes = {
				LastSwiftUpdateCheck = 1170;
				LastUpgradeCheck = 1170;
				ORGANIZATIONNAME = "刘恒";
				TargetAttributes = {
					02C27E7924FDE6F0003093D0 = {
						CreatedOnToolsVersion = 11.7;
						LastSwiftMigration = 1170;
					};
				};
			};
			buildConfigurationList = 02C27E7524FDE6F0003093D0 /* Build configuration list for PBXProject "Metal-002" */;
			compatibilityVersion = "Xcode 9.3";
			developmentRegion = en;
			hasScannedForEncodings = 0;
			knownRegions = (
				en,
				Base,
			);
			mainGroup = 02C27E7124FDE6F0003093D0;
			productRefGroup = 02C27E7B24FDE6F0003093D0 /* Products */;
			projectDirPath = "";
			projectRoot = "";
			targets = (
				02C27E7924FDE6F0003093D0 /* Metal-002 */,
			);
		};
/* End PBXProject section */

/* Begin PBXResourcesBuildPhase section */
		02C27E7824FDE6F0003093D0 /* Resources */ = {
			isa = PBXResourcesBuildPhase;
			buildActionMask = 2147483647;
			files = (
				02C27E8A24FDE6F2003093D0 /* LaunchScreen.storyboard in Resources */,
				02C27E8724FDE6F2003093D0 /* Assets.xcassets in Resources */,
				02C27E8524FDE6F0003093D0 /* Main.storyboard in Resources */,
			);
			runOnlyForDeploymentPostprocessing = 0;
		};
/* End PBXResourcesBuildPhase section */

/* Begin PBXSourcesBuildPhase section */
		02C27E7624FDE6F0003093D0 /* Sources */ = {
			isa = PBXSourcesBuildPhase;
			buildActionMask = 2147483647;
			files = (
				02C27E8224FDE6F0003093D0 /* ViewController.swift in Sources */,
				02C27E7E24FDE6F0003093D0 /* AppDelegate.swift in Sources */,
				02C27E8024FDE6F0003093D0 /* SceneDelegate.swift in Sources */,
				02C27E9924FE297E003093D0 /* HrShaders.metal in Sources */,
				02C27E9724FDEB1E003093D0 /* HrRender.swift in Sources */,
			);
			runOnlyForDeploymentPostprocessing = 0;
		};
/* End PBXSourcesBuildPhase section */

/* Begin PBXVariantGroup section */
		02C27E8324FDE6F0003093D0 /* Main.storyboard */ = {
			isa = PBXVariantGroup;
			children = (
				02C27E8424FDE6F0003093D0 /* Base */,
			);
			name = Main.storyboard;
			sourceTree = "<group>";
		};
		02C27E8824FDE6F2003093D0 /* LaunchScreen.storyboard */ = {
			isa = PBXVariantGroup;
			children = (
				02C27E8924FDE6F2003093D0 /* Base */,
			);
			name = LaunchScreen.storyboard;
			sourceTree = "<group>";
		};
/* End PBXVariantGroup section */

/* Begin XCBuildConfiguration section */
		02C27E8C24FDE6F2003093D0 /* Debug */ = {
			isa = XCBuildConfiguration;
			buildSettings = {
				ALWAYS_SEARCH_USER_PATHS = NO;
				CLANG_ANALYZER_NONNULL = YES;
				CLANG_ANALYZER_NUMBER_OBJECT_CONVERSION = YES_AGGRESSIVE;
				CLANG_CXX_LANGUAGE_STANDARD = "gnu++14";
				CLANG_CXX_LIBRARY = "libc++";
				CLANG_ENABLE_MODULES = YES;
				CLANG_ENABLE_OBJC_ARC = YES;
				CLANG_ENABLE_OBJC_WEAK = YES;
				CLANG_WARN_BLOCK_CAPTURE_AUTORELEASING = YES;
				CLANG_WARN_BOOL_CONVERSION = YES;
				CLANG_WARN_COMMA = YES;
				CLANG_WARN_CONSTANT_CONVERSION = YES;
				CLANG_WARN_DEPRECATED_OBJC_IMPLEMENTATIONS = YES;
				CLANG_WARN_DIRECT_OBJC_ISA_USAGE = YES_ERROR;
				CLANG_WARN_DOCUMENTATION_COMMENTS = YES;
				CLANG_WARN_EMPTY_BODY = YES;
				CLANG_WARN_ENUM_CONVERSION = YES;
				CLANG_WARN_INFINITE_RECURSION = YES;
				CLANG_WARN_INT_CONVERSION = YES;
				CLANG_WARN_NON_LITERAL_NULL_CONVERSION = YES;
				CLANG_WARN_OBJC_IMPLICIT_RETAIN_SELF = YES;
				CLANG_WARN_OBJC_LITERAL_CONVERSION = YES;
				CLANG_WARN_OBJC_ROOT_CLASS = YES_ERROR;
				CLANG_WARN_RANGE_LOOP_ANALYSIS = YES;
				CLANG_WARN_STRICT_PROTOTYPES = YES;
				CLANG_WARN_SUSPICIOUS_MOVE = YES;
				CLANG_WARN_UNGUARDED_AVAILABILITY = YES_AGGRESSIVE;
				CLANG_WARN_UNREACHABLE_CODE = YES;
				CLANG_WARN__DUPLICATE_METHOD_MATCH = YES;
				COPY_PHASE_STRIP = NO;
				DEBUG_INFORMATION_FORMAT = dwarf;
				ENABLE_STRICT_OBJC_MSGSEND = YES;
				ENABLE_TESTABILITY = YES;
				GCC_C_LANGUAGE_STANDARD = gnu11;
				GCC_DYNAMIC_NO_PIC = NO;
				GCC_NO_COMMON_BLOCKS = YES;
				GCC_OPTIMIZATION_LEVEL = 0;
				GCC_PREPROCESSOR_DEFINITIONS = (
					"DEBUG=1",
					"$(inherited)",
				);
				GCC_WARN_64_TO_32_BIT_CONVERSION = YES;
				GCC_WARN_ABOUT_RETURN_TYPE = YES_ERROR;
				GCC_WARN_UNDECLARED_SELECTOR = YES;
				GCC_WARN_UNINITIALIZED_AUTOS = YES_AGGRESSIVE;
				GCC_WARN_UNUSED_FUNCTION = YES;
				GCC_WARN_UNUSED_VARIABLE = YES;
				IPHONEOS_DEPLOYMENT_TARGET = 13.7;
				MTL_ENABLE_DEBUG_INFO = INCLUDE_SOURCE;
				MTL_FAST_MATH = YES;
				ONLY_ACTIVE_ARCH = YES;
				SDKROOT = iphoneos;
				SWIFT_ACTIVE_COMPILATION_CONDITIONS = DEBUG;
				SWIFT_OPTIMIZATION_LEVEL = "-Onone";
			};
			name = Debug;
		};
		02C27E8D24FDE6F2003093D0 /* Release */ = {
			isa = XCBuildConfiguration;
			buildSettings = {
				ALWAYS_SEARCH_USER_PATHS = NO;
				CLANG_ANALYZER_NONNULL = YES;
				CLANG_ANALYZER_NUMBER_OBJECT_CONVERSION = YES_AGGRESSIVE;
				CLANG_CXX_LANGUAGE_STANDARD = "gnu++14";
				CLANG_CXX_LIBRARY = "libc++";
				CLANG_ENABLE_MODULES = YES;
				CLANG_ENABLE_OBJC_ARC = YES;
				CLANG_ENABLE_OBJC_WEAK = YES;
				CLANG_WARN_BLOCK_CAPTURE_AUTORELEASING = YES;
				CLANG_WARN_BOOL_CONVERSION = YES;
				CLANG_WARN_COMMA = YES;
				CLANG_WARN_CONSTANT_CONVERSION = YES;
				CLANG_WARN_DEPRECATED_OBJC_IMPLEMENTATIONS = YES;
				CLANG_WARN_DIRECT_OBJC_ISA_USAGE = YES_ERROR;
				CLANG_WARN_DOCUMENTATION_COMMENTS = YES;
				CLANG_WARN_EMPTY_BODY = YES;
				CLANG_WARN_ENUM_CONVERSION = YES;
				CLANG_WARN_INFINITE_RECURSION = YES;
				CLANG_WARN_INT_CONVERSION = YES;
				CLANG_WARN_NON_LITERAL_NULL_CONVERSION = YES;
				CLANG_WARN_OBJC_IMPLICIT_RETAIN_SELF = YES;
				CLANG_WARN_OBJC_LITERAL_CONVERSION = YES;
				CLANG_WARN_OBJC_ROOT_CLASS = YES_ERROR;
				CLANG_WARN_RANGE_LOOP_ANALYSIS = YES;
				CLANG_WARN_STRICT_PROTOTYPES = YES;
				CLANG_WARN_SUSPICIOUS_MOVE = YES;
				CLANG_WARN_UNGUARDED_AVAILABILITY = YES_AGGRESSIVE;
				CLANG_WARN_UNREACHABLE_CODE = YES;
				CLANG_WARN__DUPLICATE_METHOD_MATCH = YES;
				COPY_PHASE_STRIP = NO;
				DEBUG_INFORMATION_FORMAT = "dwarf-with-dsym";
				ENABLE_NS_ASSERTIONS = NO;
				ENABLE_STRICT_OBJC_MSGSEND = YES;
				GCC_C_LANGUAGE_STANDARD = gnu11;
				GCC_NO_COMMON_BLOCKS = YES;
				GCC_WARN_64_TO_32_BIT_CONVERSION = YES;
				GCC_WARN_ABOUT_RETURN_TYPE = YES_ERROR;
				GCC_WARN_UNDECLARED_SELECTOR = YES;
				GCC_WARN_UNINITIALIZED_AUTOS = YES_AGGRESSIVE;
				GCC_WARN_UNUSED_FUNCTION = YES;
				GCC_WARN_UNUSED_VARIABLE = YES;
				IPHONEOS_DEPLOYMENT_TARGET = 13.7;
				MTL_ENABLE_DEBUG_INFO = NO;
				MTL_FAST_MATH = YES;
				SDKROOT = iphoneos;
				SWIFT_COMPILATION_MODE = wholemodule;
				SWIFT_OPTIMIZATION_LEVEL = "-O";
				VALIDATE_PRODUCT = YES;
			};
			name = Release;
		};
		02C27E8F24FDE6F2003093D0 /* Debug */ = {
			isa = XCBuildConfiguration;
			buildSettings = {
				ASSETCATALOG_COMPILER_APPICON_NAME = AppIcon;
				CLANG_ENABLE_MODULES = YES;
				CODE_SIGN_STYLE = Automatic;
				DEVELOPMENT_TEAM = 5C8LZX2UQM;
				INFOPLIST_FILE = "Metal-002/Info.plist";
				IPHONEOS_DEPLOYMENT_TARGET = 13.0;
				LD_RUNPATH_SEARCH_PATHS = (
					"$(inherited)",
					"@executable_path/Frameworks",
				);
				PRODUCT_BUNDLE_IDENTIFIER = "aa-test.Metal-002";
				PRODUCT_NAME = "$(TARGET_NAME)";
				SWIFT_OBJC_BRIDGING_HEADER = "Metal-002/Metal-002-Bridging-Header.h";
				SWIFT_OPTIMIZATION_LEVEL = "-Onone";
				SWIFT_VERSION = 5.0;
				TARGETED_DEVICE_FAMILY = "1,2";
			};
			name = Debug;
		};
		02C27E9024FDE6F2003093D0 /* Release */ = {
			isa = XCBuildConfiguration;
			buildSettings = {
				ASSETCATALOG_COMPILER_APPICON_NAME = AppIcon;
				CLANG_ENABLE_MODULES = YES;
				CODE_SIGN_STYLE = Automatic;
				DEVELOPMENT_TEAM = 5C8LZX2UQM;
				INFOPLIST_FILE = "Metal-002/Info.plist";
				IPHONEOS_DEPLOYMENT_TARGET = 13.0;
				LD_RUNPATH_SEARCH_PATHS = (
					"$(inherited)",
					"@executable_path/Frameworks",
				);
				PRODUCT_BUNDLE_IDENTIFIER = "aa-test.Metal-002";
				PRODUCT_NAME = "$(TARGET_NAME)";
				SWIFT_OBJC_BRIDGING_HEADER = "Metal-002/Metal-002-Bridging-Header.h";
				SWIFT_VERSION = 5.0;
				TARGETED_DEVICE_FAMILY = "1,2";
			};
			name = Release;
		};
/* End XCBuildConfiguration section */

/* Begin XCConfigurationList section */
		02C27E7524FDE6F0003093D0 /* Build configuration list for PBXProject "Metal-002" */ = {
			isa = XCConfigurationList;
			buildConfigurations = (
				02C27E8C24FDE6F2003093D0 /* Debug */,
				02C27E8D24FDE6F2003093D0 /* Release */,
			);
			defaultConfigurationIsVisible = 0;
			defaultConfigurationName = Release;
		};
		02C27E8E24FDE6F2003093D0 /* Build configuration list for PBXNativeTarget "Metal-002" */ = {
			isa = XCConfigurationList;
			buildConfigurations = (
				02C27E8F24FDE6F2003093D0 /* Debug */,
				02C27E9024FDE6F2003093D0 /* Release */,
			);
			defaultConfigurationIsVisible = 0;
			defaultConfigurationName = Release;
		};
/* End XCConfigurationList section */
	};
	rootObject = 02C27E7224FDE6F0003093D0 /* Project object */;
}
